
Microsoft Visual Studio Solution File, Format Version 12.00
# Visual Studio 2013
VisualStudioVersion = 12.0.21005.1
MinimumVisualStudioVersion = 10.0.40219.1
Project("{FAE04EC0-301F-11D3-BF4B-00C04F79EFBC}") = "AbstractFactory", "AbstractFactory\AbstractFactory.csproj", "{C130E687-FD3C-43DC-830C-15191C7AB607}"
EndProject
Project("{FAE04EC0-301F-11D3-BF4B-00C04F79EFBC}") = "Singleton.Lazy", "Singleton.Lazy\Singleton.Lazy.csproj", "{5AFCD854-BF90-499E-844E-AD41D0F9F9ED}"
EndProject
Project("{FAE04EC0-301F-11D3-BF4B-00C04F79EFBC}") = "Singleton.Lazy.Improved", "Singleton.Lazy.Improved\Singleton.Lazy.Improved.csproj", "{778A7A36-8DC9-40CB-8F8B-DD8E7C8B6530}"
EndProject
Project("{2150E333-8FDC-42A3-9474-1A3956D46DE8}") = "Singleton", "Singleton", "{AD02AFB0-D5E9-40F7-971D-7A42E5EE7CCC}"
EndProject
Project("{2150E333-8FDC-42A3-9474-1A3956D46DE8}") = "Builder", "Builder", "{882FCB59-CFDF-443C-8DC6-13D3ED62D333}"
EndProject
Project("{FAE04EC0-301F-11D3-BF4B-00C04F79EFBC}") = "Builder", "Builder\Builder.csproj", "{8371B30D-8D1B-4C81-A27E-020B4A838CA5}"
EndProject
Project("{2150E333-8FDC-42A3-9474-1A3956D46DE8}") = "Prototype", "Prototype", "{026C5F35-C0F2-4868-9432-D16F7F1BB6D6}"
EndProject
Project("{FAE04EC0-301F-11D3-BF4B-00C04F79EFBC}") = "Prototype", "Prototype\Prototype.csproj", "{DCB2A818-7D01-4C3D-939C-D44EE61D220D}"
EndProject
Project("{2150E333-8FDC-42A3-9474-1A3956D46DE8}") = "1. Creational", "1. Creational", "{8DB79E94-2FE5-4105-B853-F1243825FCC3}"
EndProject
Project("{2150E333-8FDC-42A3-9474-1A3956D46DE8}") = "2. Structural", "2. Structural", "{FB5DE54D-A16C-40B0-9995-6B12F9312F5A}"
EndProject
Project("{2150E333-8FDC-42A3-9474-1A3956D46DE8}") = "3. Behavioral", "3. Behavioral", "{566CC85E-5FCB-4DCB-B785-12F5DF7C3982}"
EndProject
Project("{2150E333-8FDC-42A3-9474-1A3956D46DE8}") = "Adapter", "Adapter", "{927A5CA9-C599-4C9D-82D8-1709AF97CACC}"
EndProject
Project("{FAE04EC0-301F-11D3-BF4B-00C04F79EFBC}") = "Adapter", "Adapter\Adapter.csproj", "{F2E14603-C8CE-4C49-BCB5-9232F3DF5CFE}"
EndProject
Project("{2150E333-8FDC-42A3-9474-1A3956D46DE8}") = "Composite", "Composite", "{8C7C8865-A5EF-4959-8D1E-97BA19F1D64E}"
EndProject
Project("{FAE04EC0-301F-11D3-BF4B-00C04F79EFBC}") = "Composite", "Composite\Composite.csproj", "{266C2CA9-DBE8-4A22-AFFC-FE89D87BB6CE}"
EndProject
Project("{2150E333-8FDC-42A3-9474-1A3956D46DE8}") = "Decorator", "Decorator", "{832B0544-B795-42B0-80BD-6923EF509F47}"
EndProject
Project("{FAE04EC0-301F-11D3-BF4B-00C04F79EFBC}") = "Decorator", "Decorator\Decorator.csproj", "{7D51D97F-F946-40A6-9A77-84EA4ED0F964}"
EndProject
Project("{2150E333-8FDC-42A3-9474-1A3956D46DE8}") = "Proxy", "Proxy", "{64DB80B4-934F-45C4-B67F-73D92D358120}"
EndProject
Project("{FAE04EC0-301F-11D3-BF4B-00C04F79EFBC}") = "Proxy", "Proxy\Proxy.csproj", "{F52F8C3C-7633-4DFB-961E-229E2B8B4A55}"
EndProject
Project("{2150E333-8FDC-42A3-9474-1A3956D46DE8}") = "Facade", "Facade", "{FA26D038-6681-4912-AEBA-58E2BBA64E1C}"
EndProject
Project("{2150E333-8FDC-42A3-9474-1A3956D46DE8}") = "Gateway", "Gateway", "{5B20D7FF-80B2-46C1-96A1-2D621BAE1617}"
EndProject
Project("{FAE04EC0-301F-11D3-BF4B-00C04F79EFBC}") = "SimpleFactory", "SimpleFactory\SimpleFactory.csproj", "{525B4FC3-7367-46F9-ABE7-7FE07B824DD7}"
EndProject
Project("{FAE04EC0-301F-11D3-BF4B-00C04F79EFBC}") = "FactoryMethod.Variant", "FactoryMethod.Variant\FactoryMethod.Variant.csproj", "{6F8ECA72-0BA1-4DCF-B6A4-58C85AE1CFB5}"
EndProject
Project("{FAE04EC0-301F-11D3-BF4B-00C04F79EFBC}") = "FactoryMethod", "FactoryMethod\FactoryMethod.csproj", "{904A07C5-11A2-4E9C-BDA0-157FB4A8E3F8}"
EndProject
Project("{2150E333-8FDC-42A3-9474-1A3956D46DE8}") = "SimpleFactory", "SimpleFactory", "{0AFD8A7E-FB8E-4627-A55C-7E2FFE50A3DD}"
EndProject
Project("{2150E333-8FDC-42A3-9474-1A3956D46DE8}") = "TemplateMethod", "TemplateMethod", "{699ED60C-D1C7-44B5-916C-A3FA0CA6CB87}"
EndProject
Project("{FAE04EC0-301F-11D3-BF4B-00C04F79EFBC}") = "TemplateMethod", "TemplateMethod\TemplateMethod.csproj", "{01CA7E3A-FC47-4B4B-899D-315A42BEF9BC}"
EndProject
Project("{2150E333-8FDC-42A3-9474-1A3956D46DE8}") = "Bridge", "Bridge", "{79E8E32D-D56D-4DCD-AF70-7908B9A01DB8}"
EndProject
Project("{FAE04EC0-301F-11D3-BF4B-00C04F79EFBC}") = "Bridge", "Bridge\Bridge.csproj", "{558080AF-6C52-4BB2-A96A-8978567EF8B9}"
EndProject
Project("{FAE04EC0-301F-11D3-BF4B-00C04F79EFBC}") = "Singleton.Eager", "Singleton.Eager\Singleton.Eager.csproj", "{14C25905-BDC0-41F2-9454-512933CA0909}"
EndProject
Project("{FAE04EC0-301F-11D3-BF4B-00C04F79EFBC}") = "Singleton.Register", "Singleton.Register\Singleton.Register.csproj", "{CF49256A-C33D-4D47-A1C5-5B261EA3380E}"
EndProject
Project("{2150E333-8FDC-42A3-9474-1A3956D46DE8}") = "UnitTest", "UnitTest", "{113D6CC0-509E-4E4A-9B3C-A24D4B7ECA6C}"
EndProject
Project("{FAE04EC0-301F-11D3-BF4B-00C04F79EFBC}") = "Singleton.Register.Terry", "Singleton.Register.Terry\Singleton.Register.Terry.csproj", "{4FE1C408-0DB9-454C-85E8-0977C9A45B02}"
EndProject
Project("{FAE04EC0-301F-11D3-BF4B-00C04F79EFBC}") = "Singleton.Register.Half", "Singleton.Register.Half\Singleton.Register.Half.csproj", "{D81453A3-C741-4177-B6B0-5A4EC6C3FF2F}"
EndProject
Project("{FAE04EC0-301F-11D3-BF4B-00C04F79EFBC}") = "UnitTest", "UnitTest\UnitTest.csproj", "{AED6BA04-4100-4D1B-827E-8CE69BF394CD}"
EndProject
Project("{2150E333-8FDC-42A3-9474-1A3956D46DE8}") = "FactoryMethod", "FactoryMethod", "{1791B388-E4E6-4760-B4A7-B2A835F8D22E}"
EndProject
Project("{2150E333-8FDC-42A3-9474-1A3956D46DE8}") = "AbstractFactory", "AbstractFactory", "{4A5C256A-A66E-4C38-AF9A-7CEF373466F2}"
EndProject
Global
	GlobalSection(SolutionConfigurationPlatforms) = preSolution
		Debug|Any CPU = Debug|Any CPU
		Release|Any CPU = Release|Any CPU
	EndGlobalSection
	GlobalSection(ProjectConfigurationPlatforms) = postSolution
		{C130E687-FD3C-43DC-830C-15191C7AB607}.Debug|Any CPU.ActiveCfg = Debug|Any CPU
		{C130E687-FD3C-43DC-830C-15191C7AB607}.Debug|Any CPU.Build.0 = Debug|Any CPU
		{C130E687-FD3C-43DC-830C-15191C7AB607}.Release|Any CPU.ActiveCfg = Release|Any CPU
		{C130E687-FD3C-43DC-830C-15191C7AB607}.Release|Any CPU.Build.0 = Release|Any CPU
		{5AFCD854-BF90-499E-844E-AD41D0F9F9ED}.Debug|Any CPU.ActiveCfg = Debug|Any CPU
		{5AFCD854-BF90-499E-844E-AD41D0F9F9ED}.Debug|Any CPU.Build.0 = Debug|Any CPU
		{5AFCD854-BF90-499E-844E-AD41D0F9F9ED}.Release|Any CPU.ActiveCfg = Release|Any CPU
		{5AFCD854-BF90-499E-844E-AD41D0F9F9ED}.Release|Any CPU.Build.0 = Release|Any CPU
		{778A7A36-8DC9-40CB-8F8B-DD8E7C8B6530}.Debug|Any CPU.ActiveCfg = Debug|Any CPU
		{778A7A36-8DC9-40CB-8F8B-DD8E7C8B6530}.Debug|Any CPU.Build.0 = Debug|Any CPU
		{778A7A36-8DC9-40CB-8F8B-DD8E7C8B6530}.Release|Any CPU.ActiveCfg = Release|Any CPU
		{778A7A36-8DC9-40CB-8F8B-DD8E7C8B6530}.Release|Any CPU.Build.0 = Release|Any CPU
		{8371B30D-8D1B-4C81-A27E-020B4A838CA5}.Debug|Any CPU.ActiveCfg = Debug|Any CPU
		{8371B30D-8D1B-4C81-A27E-020B4A838CA5}.Debug|Any CPU.Build.0 = Debug|Any CPU
		{8371B30D-8D1B-4C81-A27E-020B4A838CA5}.Release|Any CPU.ActiveCfg = Release|Any CPU
		{8371B30D-8D1B-4C81-A27E-020B4A838CA5}.Release|Any CPU.Build.0 = Release|Any CPU
		{DCB2A818-7D01-4C3D-939C-D44EE61D220D}.Debug|Any CPU.ActiveCfg = Debug|Any CPU
		{DCB2A818-7D01-4C3D-939C-D44EE61D220D}.Debug|Any CPU.Build.0 = Debug|Any CPU
		{DCB2A818-7D01-4C3D-939C-D44EE61D220D}.Release|Any CPU.ActiveCfg = Release|Any CPU
		{DCB2A818-7D01-4C3D-939C-D44EE61D220D}.Release|Any CPU.Build.0 = Release|Any CPU
		{F2E14603-C8CE-4C49-BCB5-9232F3DF5CFE}.Debug|Any CPU.ActiveCfg = Debug|Any CPU
		{F2E14603-C8CE-4C49-BCB5-9232F3DF5CFE}.Debug|Any CPU.Build.0 = Debug|Any CPU
		{F2E14603-C8CE-4C49-BCB5-9232F3DF5CFE}.Release|Any CPU.ActiveCfg = Release|Any CPU
		{F2E14603-C8CE-4C49-BCB5-9232F3DF5CFE}.Release|Any CPU.Build.0 = Release|Any CPU
		{266C2CA9-DBE8-4A22-AFFC-FE89D87BB6CE}.Debug|Any CPU.ActiveCfg = Debug|Any CPU
		{266C2CA9-DBE8-4A22-AFFC-FE89D87BB6CE}.Debug|Any CPU.Build.0 = Debug|Any CPU
		{266C2CA9-DBE8-4A22-AFFC-FE89D87BB6CE}.Release|Any CPU.ActiveCfg = Release|Any CPU
		{266C2CA9-DBE8-4A22-AFFC-FE89D87BB6CE}.Release|Any CPU.Build.0 = Release|Any CPU
		{7D51D97F-F946-40A6-9A77-84EA4ED0F964}.Debug|Any CPU.ActiveCfg = Debug|Any CPU
		{7D51D97F-F946-40A6-9A77-84EA4ED0F964}.Debug|Any CPU.Build.0 = Debug|Any CPU
		{7D51D97F-F946-40A6-9A77-84EA4ED0F964}.Release|Any CPU.ActiveCfg = Release|Any CPU
		{7D51D97F-F946-40A6-9A77-84EA4ED0F964}.Release|Any CPU.Build.0 = Release|Any CPU
		{F52F8C3C-7633-4DFB-961E-229E2B8B4A55}.Debug|Any CPU.ActiveCfg = Debug|Any CPU
		{F52F8C3C-7633-4DFB-961E-229E2B8B4A55}.Debug|Any CPU.Build.0 = Debug|Any CPU
		{F52F8C3C-7633-4DFB-961E-229E2B8B4A55}.Release|Any CPU.ActiveCfg = Release|Any CPU
		{F52F8C3C-7633-4DFB-961E-229E2B8B4A55}.Release|Any CPU.Build.0 = Release|Any CPU
		{525B4FC3-7367-46F9-ABE7-7FE07B824DD7}.Debug|Any CPU.ActiveCfg = Debug|Any CPU
		{525B4FC3-7367-46F9-ABE7-7FE07B824DD7}.Debug|Any CPU.Build.0 = Debug|Any CPU
		{525B4FC3-7367-46F9-ABE7-7FE07B824DD7}.Release|Any CPU.ActiveCfg = Release|Any CPU
		{525B4FC3-7367-46F9-ABE7-7FE07B824DD7}.Release|Any CPU.Build.0 = Release|Any CPU
		{6F8ECA72-0BA1-4DCF-B6A4-58C85AE1CFB5}.Debug|Any CPU.ActiveCfg = Debug|Any CPU
		{6F8ECA72-0BA1-4DCF-B6A4-58C85AE1CFB5}.Debug|Any CPU.Build.0 = Debug|Any CPU
		{6F8ECA72-0BA1-4DCF-B6A4-58C85AE1CFB5}.Release|Any CPU.ActiveCfg = Release|Any CPU
		{6F8ECA72-0BA1-4DCF-B6A4-58C85AE1CFB5}.Release|Any CPU.Build.0 = Release|Any CPU
		{904A07C5-11A2-4E9C-BDA0-157FB4A8E3F8}.Debug|Any CPU.ActiveCfg = Debug|Any CPU
		{904A07C5-11A2-4E9C-BDA0-157FB4A8E3F8}.Debug|Any CPU.Build.0 = Debug|Any CPU
		{904A07C5-11A2-4E9C-BDA0-157FB4A8E3F8}.Release|Any CPU.ActiveCfg = Release|Any CPU
		{904A07C5-11A2-4E9C-BDA0-157FB4A8E3F8}.Release|Any CPU.Build.0 = Release|Any CPU
		{01CA7E3A-FC47-4B4B-899D-315A42BEF9BC}.Debug|Any CPU.ActiveCfg = Debug|Any CPU
		{01CA7E3A-FC47-4B4B-899D-315A42BEF9BC}.Debug|Any CPU.Build.0 = Debug|Any CPU
		{01CA7E3A-FC47-4B4B-899D-315A42BEF9BC}.Release|Any CPU.ActiveCfg = Release|Any CPU
		{01CA7E3A-FC47-4B4B-899D-315A42BEF9BC}.Release|Any CPU.Build.0 = Release|Any CPU
		{558080AF-6C52-4BB2-A96A-8978567EF8B9}.Debug|Any CPU.ActiveCfg = Debug|Any CPU
		{558080AF-6C52-4BB2-A96A-8978567EF8B9}.Debug|Any CPU.Build.0 = Debug|Any CPU
		{558080AF-6C52-4BB2-A96A-8978567EF8B9}.Release|Any CPU.ActiveCfg = Release|Any CPU
		{558080AF-6C52-4BB2-A96A-8978567EF8B9}.Release|Any CPU.Build.0 = Release|Any CPU
		{14C25905-BDC0-41F2-9454-512933CA0909}.Debug|Any CPU.ActiveCfg = Debug|Any CPU
		{14C25905-BDC0-41F2-9454-512933CA0909}.Debug|Any CPU.Build.0 = Debug|Any CPU
		{14C25905-BDC0-41F2-9454-512933CA0909}.Release|Any CPU.ActiveCfg = Release|Any CPU
		{14C25905-BDC0-41F2-9454-512933CA0909}.Release|Any CPU.Build.0 = Release|Any CPU
		{CF49256A-C33D-4D47-A1C5-5B261EA3380E}.Debug|Any CPU.ActiveCfg = Debug|Any CPU
		{CF49256A-C33D-4D47-A1C5-5B261EA3380E}.Debug|Any CPU.Build.0 = Debug|Any CPU
		{CF49256A-C33D-4D47-A1C5-5B261EA3380E}.Release|Any CPU.ActiveCfg = Release|Any CPU
		{CF49256A-C33D-4D47-A1C5-5B261EA3380E}.Release|Any CPU.Build.0 = Release|Any CPU
		{4FE1C408-0DB9-454C-85E8-0977C9A45B02}.Debug|Any CPU.ActiveCfg = Debug|Any CPU
		{4FE1C408-0DB9-454C-85E8-0977C9A45B02}.Debug|Any CPU.Build.0 = Debug|Any CPU
		{4FE1C408-0DB9-454C-85E8-0977C9A45B02}.Release|Any CPU.ActiveCfg = Release|Any CPU
		{4FE1C408-0DB9-454C-85E8-0977C9A45B02}.Release|Any CPU.Build.0 = Release|Any CPU
		{D81453A3-C741-4177-B6B0-5A4EC6C3FF2F}.Debug|Any CPU.ActiveCfg = Debug|Any CPU
		{D81453A3-C741-4177-B6B0-5A4EC6C3FF2F}.Debug|Any CPU.Build.0 = Debug|Any CPU
		{D81453A3-C741-4177-B6B0-5A4EC6C3FF2F}.Release|Any CPU.ActiveCfg = Release|Any CPU
		{D81453A3-C741-4177-B6B0-5A4EC6C3FF2F}.Release|Any CPU.Build.0 = Release|Any CPU
		{AED6BA04-4100-4D1B-827E-8CE69BF394CD}.Debug|Any CPU.ActiveCfg = Debug|Any CPU
		{AED6BA04-4100-4D1B-827E-8CE69BF394CD}.Debug|Any CPU.Build.0 = Debug|Any CPU
		{AED6BA04-4100-4D1B-827E-8CE69BF394CD}.Release|Any CPU.ActiveCfg = Release|Any CPU
		{AED6BA04-4100-4D1B-827E-8CE69BF394CD}.Release|Any CPU.Build.0 = Release|Any CPU
	EndGlobalSection
	GlobalSection(SolutionProperties) = preSolution
		HideSolutionNode = FALSE
	EndGlobalSection
	GlobalSection(NestedProjects) = preSolution
		{AD02AFB0-D5E9-40F7-971D-7A42E5EE7CCC} = {8DB79E94-2FE5-4105-B853-F1243825FCC3}
		{882FCB59-CFDF-443C-8DC6-13D3ED62D333} = {8DB79E94-2FE5-4105-B853-F1243825FCC3}
		{026C5F35-C0F2-4868-9432-D16F7F1BB6D6} = {8DB79E94-2FE5-4105-B853-F1243825FCC3}
		{4A5C256A-A66E-4C38-AF9A-7CEF373466F2} = {8DB79E94-2FE5-4105-B853-F1243825FCC3}
		{1791B388-E4E6-4760-B4A7-B2A835F8D22E} = {8DB79E94-2FE5-4105-B853-F1243825FCC3}
		{0AFD8A7E-FB8E-4627-A55C-7E2FFE50A3DD} = {8DB79E94-2FE5-4105-B853-F1243825FCC3}
		{778A7A36-8DC9-40CB-8F8B-DD8E7C8B6530} = {AD02AFB0-D5E9-40F7-971D-7A42E5EE7CCC}
		{5AFCD854-BF90-499E-844E-AD41D0F9F9ED} = {AD02AFB0-D5E9-40F7-971D-7A42E5EE7CCC}
		{14C25905-BDC0-41F2-9454-512933CA0909} = {AD02AFB0-D5E9-40F7-971D-7A42E5EE7CCC}
		{CF49256A-C33D-4D47-A1C5-5B261EA3380E} = {AD02AFB0-D5E9-40F7-971D-7A42E5EE7CCC}
		{4FE1C408-0DB9-454C-85E8-0977C9A45B02} = {AD02AFB0-D5E9-40F7-971D-7A42E5EE7CCC}
		{D81453A3-C741-4177-B6B0-5A4EC6C3FF2F} = {AD02AFB0-D5E9-40F7-971D-7A42E5EE7CCC}
		{8371B30D-8D1B-4C81-A27E-020B4A838CA5} = {882FCB59-CFDF-443C-8DC6-13D3ED62D333}
		{DCB2A818-7D01-4C3D-939C-D44EE61D220D} = {026C5F35-C0F2-4868-9432-D16F7F1BB6D6}
		{927A5CA9-C599-4C9D-82D8-1709AF97CACC} = {FB5DE54D-A16C-40B0-9995-6B12F9312F5A}
		{8C7C8865-A5EF-4959-8D1E-97BA19F1D64E} = {FB5DE54D-A16C-40B0-9995-6B12F9312F5A}
		{832B0544-B795-42B0-80BD-6923EF509F47} = {FB5DE54D-A16C-40B0-9995-6B12F9312F5A}
		{64DB80B4-934F-45C4-B67F-73D92D358120} = {FB5DE54D-A16C-40B0-9995-6B12F9312F5A}
		{FA26D038-6681-4912-AEBA-58E2BBA64E1C} = {FB5DE54D-A16C-40B0-9995-6B12F9312F5A}
		{5B20D7FF-80B2-46C1-96A1-2D621BAE1617} = {FB5DE54D-A16C-40B0-9995-6B12F9312F5A}
		{79E8E32D-D56D-4DCD-AF70-7908B9A01DB8} = {FB5DE54D-A16C-40B0-9995-6B12F9312F5A}
		{699ED60C-D1C7-44B5-916C-A3FA0CA6CB87} = {566CC85E-5FCB-4DCB-B785-12F5DF7C3982}
		{F2E14603-C8CE-4C49-BCB5-9232F3DF5CFE} = {927A5CA9-C599-4C9D-82D8-1709AF97CACC}
		{266C2CA9-DBE8-4A22-AFFC-FE89D87BB6CE} = {8C7C8865-A5EF-4959-8D1E-97BA19F1D64E}
		{7D51D97F-F946-40A6-9A77-84EA4ED0F964} = {832B0544-B795-42B0-80BD-6923EF509F47}
		{F52F8C3C-7633-4DFB-961E-229E2B8B4A55} = {64DB80B4-934F-45C4-B67F-73D92D358120}
		{525B4FC3-7367-46F9-ABE7-7FE07B824DD7} = {0AFD8A7E-FB8E-4627-A55C-7E2FFE50A3DD}
		{904A07C5-11A2-4E9C-BDA0-157FB4A8E3F8} = {1791B388-E4E6-4760-B4A7-B2A835F8D22E}
		{6F8ECA72-0BA1-4DCF-B6A4-58C85AE1CFB5} = {1791B388-E4E6-4760-B4A7-B2A835F8D22E}
		{01CA7E3A-FC47-4B4B-899D-315A42BEF9BC} = {699ED60C-D1C7-44B5-916C-A3FA0CA6CB87}
		{558080AF-6C52-4BB2-A96A-8978567EF8B9} = {79E8E32D-D56D-4DCD-AF70-7908B9A01DB8}
		{AED6BA04-4100-4D1B-827E-8CE69BF394CD} = {113D6CC0-509E-4E4A-9B3C-A24D4B7ECA6C}
		{C130E687-FD3C-43DC-830C-15191C7AB607} = {4A5C256A-A66E-4C38-AF9A-7CEF373466F2}
	EndGlobalSection
EndGlobal
